
Microsoft Visual Studio Solution File, Format Version 12.00
# Visual Studio 15
VisualStudioVersion = 15.0.28010.2041
MinimumVisualStudioVersion = 10.0.40219.1
Project("{FAE04EC0-301F-11D3-BF4B-00C04F79EFBC}") = "Owin.Oas.Generator", "Owin.Oas.Generator\Owin.Oas.Generator.csproj", "{694BD319-3EEE-45C0-9E56-9745B0CF5AB7}"
EndProject
Global
	GlobalSection(SolutionConfigurationPlatforms) = preSolution
		Debug|Any CPU = Debug|Any CPU
		Release|Any CPU = Release|Any CPU
	EndGlobalSection
	GlobalSection(ProjectConfigurationPlatforms) = postSolution
		{694BD319-3EEE-45C0-9E56-9745B0CF5AB7}.Debug|Any CPU.ActiveCfg = Debug|Any CPU
		{694BD319-3EEE-45C0-9E56-9745B0CF5AB7}.Debug|Any CPU.Build.0 = Debug|Any CPU
		{694BD319-3EEE-45C0-9E56-9745B0CF5AB7}.Release|Any CPU.ActiveCfg = Release|Any CPU
		{694BD319-3EEE-45C0-9E56-9745B0CF5AB7}.Release|Any CPU.Build.0 = Release|Any CPU
	EndGlobalSection
	GlobalSection(SolutionProperties) = preSolution
		HideSolutionNode = FALSE
	EndGlobalSection
	GlobalSection(ExtensibilityGlobals) = postSolution
		SolutionGuid = {DB49C286-021D-4625-88A0-D345E2E55C4E}
	EndGlobalSection
EndGlobal
